
Microsoft Visual Studio Solution File, Format Version 12.00
# Visual Studio Version 16
VisualStudioVersion = 16.0.33529.622
MinimumVisualStudioVersion = 10.0.40219.1
Project("{9A19103F-16F7-4668-BE54-9A1E7A4F7556}") = "WebAPI_ecommer", "WebAPI_ecommer.csproj", "{F2F175C5-9BEF-4EE8-B422-F91FDEE89800}"
EndProject
Project("{FAE04EC0-301F-11D3-BF4B-00C04F79EFBC}") = "Web_Warehouse", "..\Web_Warehouse\Web_Warehouse.csproj", "{99A513E7-95BD-452D-A103-A8D74DFE277A}"
EndProject
Global
	GlobalSection(SolutionConfigurationPlatforms) = preSolution
		Debug|Any CPU = Debug|Any CPU
		Release|Any CPU = Release|Any CPU
	EndGlobalSection
	GlobalSection(ProjectConfigurationPlatforms) = postSolution
		{F2F175C5-9BEF-4EE8-B422-F91FDEE89800}.Debug|Any CPU.ActiveCfg = Debug|Any CPU
		{F2F175C5-9BEF-4EE8-B422-F91FDEE89800}.Debug|Any CPU.Build.0 = Debug|Any CPU
		{F2F175C5-9BEF-4EE8-B422-F91FDEE89800}.Release|Any CPU.ActiveCfg = Release|Any CPU
		{F2F175C5-9BEF-4EE8-B422-F91FDEE89800}.Release|Any CPU.Build.0 = Release|Any CPU
		{99A513E7-95BD-452D-A103-A8D74DFE277A}.Debug|Any CPU.ActiveCfg = Debug|Any CPU
		{99A513E7-95BD-452D-A103-A8D74DFE277A}.Debug|Any CPU.Build.0 = Debug|Any CPU
		{99A513E7-95BD-452D-A103-A8D74DFE277A}.Release|Any CPU.ActiveCfg = Release|Any CPU
		{99A513E7-95BD-452D-A103-A8D74DFE277A}.Release|Any CPU.Build.0 = Release|Any CPU
	EndGlobalSection
	GlobalSection(SolutionProperties) = preSolution
		HideSolutionNode = FALSE
	EndGlobalSection
	GlobalSection(ExtensibilityGlobals) = postSolution
		SolutionGuid = {6D5E3181-CE77-4BF9-8628-FC8DF6FDDEA5}
	EndGlobalSection
EndGlobal
